
Microsoft Visual Studio Solution File, Format Version 12.00
# Visual Studio Version 17
VisualStudioVersion = 17.14.36623.8 d17.14
MinimumVisualStudioVersion = 10.0.40219.1
Project("{54A90642-561A-4BB1-A94E-469ADEE60C69}") = "pathfindingfullstack.client", "pathfindingfullstack.client\pathfindingfullstack.client.esproj", "{752BCE38-B40B-19E7-F099-48F770C3C9CC}"
EndProject
Project("{FAE04EC0-301F-11D3-BF4B-00C04F79EFBC}") = "PathfindingFullStack.Server", "PathfindingFullStack.Server\PathfindingFullStack.Server.csproj", "{AF3695BF-E688-4143-A6D2-060C622FD0DA}"
EndProject
Global
	GlobalSection(SolutionConfigurationPlatforms) = preSolution
		Debug|Any CPU = Debug|Any CPU
		Release|Any CPU = Release|Any CPU
	EndGlobalSection
	GlobalSection(ProjectConfigurationPlatforms) = postSolution
		{752BCE38-B40B-19E7-F099-48F770C3C9CC}.Debug|Any CPU.ActiveCfg = Debug|Any CPU
		{752BCE38-B40B-19E7-F099-48F770C3C9CC}.Debug|Any CPU.Build.0 = Debug|Any CPU
		{752BCE38-B40B-19E7-F099-48F770C3C9CC}.Debug|Any CPU.Deploy.0 = Debug|Any CPU
		{752BCE38-B40B-19E7-F099-48F770C3C9CC}.Release|Any CPU.ActiveCfg = Release|Any CPU
		{752BCE38-B40B-19E7-F099-48F770C3C9CC}.Release|Any CPU.Build.0 = Release|Any CPU
		{752BCE38-B40B-19E7-F099-48F770C3C9CC}.Release|Any CPU.Deploy.0 = Release|Any CPU
		{AF3695BF-E688-4143-A6D2-060C622FD0DA}.Debug|Any CPU.ActiveCfg = Debug|Any CPU
		{AF3695BF-E688-4143-A6D2-060C622FD0DA}.Debug|Any CPU.Build.0 = Debug|Any CPU
		{AF3695BF-E688-4143-A6D2-060C622FD0DA}.Release|Any CPU.ActiveCfg = Release|Any CPU
		{AF3695BF-E688-4143-A6D2-060C622FD0DA}.Release|Any CPU.Build.0 = Release|Any CPU
	EndGlobalSection
	GlobalSection(SolutionProperties) = preSolution
		HideSolutionNode = FALSE
	EndGlobalSection
	GlobalSection(ExtensibilityGlobals) = postSolution
		SolutionGuid = {EAB1CDEA-662E-4233-88C6-73BD204B4FAB}
	EndGlobalSection
EndGlobal
